
Microsoft Visual Studio Solution File, Format Version 12.00
# Visual Studio Version 17
VisualStudioVersion = 17.7.34024.191
MinimumVisualStudioVersion = 10.0.40219.1
Project("{FAE04EC0-301F-11D3-BF4B-00C04F79EFBC}") = "CyberCrew", "CyberCrew.csproj", "{0AE1AE07-3764-4D76-BC8B-0626355739DA}"
EndProject
Global
	GlobalSection(SolutionConfigurationPlatforms) = preSolution
		Debug|Any CPU = Debug|Any CPU
		Release|Any CPU = Release|Any CPU
	EndGlobalSection
	GlobalSection(ProjectConfigurationPlatforms) = postSolution
		{0AE1AE07-3764-4D76-BC8B-0626355739DA}.Debug|Any CPU.ActiveCfg = Debug|Any CPU
		{0AE1AE07-3764-4D76-BC8B-0626355739DA}.Debug|Any CPU.Build.0 = Debug|Any CPU
		{0AE1AE07-3764-4D76-BC8B-0626355739DA}.Release|Any CPU.ActiveCfg = Release|Any CPU
		{0AE1AE07-3764-4D76-BC8B-0626355739DA}.Release|Any CPU.Build.0 = Release|Any CPU
	EndGlobalSection
	GlobalSection(SolutionProperties) = preSolution
		HideSolutionNode = FALSE
	EndGlobalSection
	GlobalSection(ExtensibilityGlobals) = postSolution
		SolutionGuid = {630D7469-088B-49C2-8A41-3561D66FC2B5}
	EndGlobalSection
EndGlobal
